
Microsoft Visual Studio Solution File, Format Version 12.00
# Visual Studio Version 17
VisualStudioVersion = 17.14.36301.6
MinimumVisualStudioVersion = 10.0.40219.1
Project("{FAE04EC0-301F-11D3-BF4B-00C04F79EFBC}") = "DSAMVVM", "DSAMVVM\DSAMVVM.csproj", "{624B83E1-52F4-4A42-B901-1BA246CC7A91}"
EndProject
Project("{54435603-DBB4-11D2-8724-00A0C9A8B90C}") = "DSA Installer", "DSA Installer\DSA Installer.vdproj", "{E685E823-1CB0-A75F-C8B6-7B44B8A53B42}"
EndProject
Global
	GlobalSection(SolutionConfigurationPlatforms) = preSolution
		Debug|Any CPU = Debug|Any CPU
		Release|Any CPU = Release|Any CPU
	EndGlobalSection
	GlobalSection(ProjectConfigurationPlatforms) = postSolution
		{624B83E1-52F4-4A42-B901-1BA246CC7A91}.Debug|Any CPU.ActiveCfg = Debug|Any CPU
		{624B83E1-52F4-4A42-B901-1BA246CC7A91}.Debug|Any CPU.Build.0 = Debug|Any CPU
		{624B83E1-52F4-4A42-B901-1BA246CC7A91}.Release|Any CPU.ActiveCfg = Release|Any CPU
		{624B83E1-52F4-4A42-B901-1BA246CC7A91}.Release|Any CPU.Build.0 = Release|Any CPU
		{E685E823-1CB0-A75F-C8B6-7B44B8A53B42}.Debug|Any CPU.ActiveCfg = Debug
		{E685E823-1CB0-A75F-C8B6-7B44B8A53B42}.Release|Any CPU.ActiveCfg = Release
	EndGlobalSection
	GlobalSection(SolutionProperties) = preSolution
		HideSolutionNode = FALSE
	EndGlobalSection
	GlobalSection(ExtensibilityGlobals) = postSolution
		SolutionGuid = {6C2D2460-CA64-4281-9314-5DE52D51B2C5}
	EndGlobalSection
EndGlobal
