<Solution>
  <Configurations>
    <Platform Name="Any CPU" />
    <Platform Name="x64" />
    <Platform Name="x86" />
  </Configurations>
  <Project Path="DSAMVVM/DSAMVVM.csproj" />
  <Project Path="DSA.Installer/DSA.Installer.wixproj" Type="b7dd6f7e-def8-4e67-b5b7-07ef123db6f0">
    <Build Solution="*|*" Project="true" />
    <BuildDependency Project="DSAMVVM/DSAMVVM.csproj" />
    <Platform Solution="*|x86" Project="AnyCPU" />
  </Project>
  <Project Path="DSA.Bootstrapper/DSA.Bootstrapper.wixproj" Type="b7dd6f7e-def8-4e67-b5b7-07ef123db6f0">
    <Build Solution="*|*" Project="true" />
    <BuildDependency Project="DSA.Installer/DSA.Installer.wixproj" />
    <Platform Solution="*|x86" Project="AnyCPU" />
  </Project>
</Solution>
